
Microsoft Visual Studio Solution File, Format Version 12.00
# Visual Studio Version 16
VisualStudioVersion = 16.0.31112.23
MinimumVisualStudioVersion = 10.0.40219.1
Project("{2150E333-8FDC-42A3-9474-1A3956D46DE8}") = "Services", "Services", "{82629605-AC4D-4FC8-B14A-019829D4D5B0}"
EndProject
Project("{2150E333-8FDC-42A3-9474-1A3956D46DE8}") = "WebApps", "WebApps", "{5156D828-C967-4132-A8D9-D079DF31965F}"
EndProject
Project("{2150E333-8FDC-42A3-9474-1A3956D46DE8}") = "Registers", "Registers", "{ADDC7740-4EDE-47C6-A833-65E13C0D3292}"
EndProject
Project("{2150E333-8FDC-42A3-9474-1A3956D46DE8}") = "Catalog", "Catalog", "{1D067765-4EE0-4EC3-94EB-1C2718E04777}"
EndProject
Project("{2150E333-8FDC-42A3-9474-1A3956D46DE8}") = "Core", "Core", "{53645A44-89A8-4C35-87C7-03CAF5ED2E08}"
EndProject
Project("{2150E333-8FDC-42A3-9474-1A3956D46DE8}") = "Fiscal", "Fiscal", "{938FB07E-94CE-4610-9A39-C59D4ADCD94A}"
EndProject
Project("{2150E333-8FDC-42A3-9474-1A3956D46DE8}") = "Payments", "Payments", "{24C718BA-2154-49F6-8F5A-F6C5C9006FE4}"
EndProject
Project("{2150E333-8FDC-42A3-9474-1A3956D46DE8}") = "Sells", "Sells", "{4984ACD5-10E6-4510-AC64-B911D494DBC6}"
EndProject
Project("{FAE04EC0-301F-11D3-BF4B-00C04F79EFBC}") = "NerdStore.Core", "src\NerdStore.Core\NerdStore.Core.csproj", "{24620273-D1F0-431A-8213-152C5505D0AC}"
EndProject
Project("{FAE04EC0-301F-11D3-BF4B-00C04F79EFBC}") = "NerdStore.Catalog.Domain", "src\NerdStore.Catalogo.Domain\NerdStore.Catalog.Domain.csproj", "{CBEC0993-37E6-4366-A47A-BD3405F18466}"
EndProject
Global
	GlobalSection(SolutionConfigurationPlatforms) = preSolution
		Debug|Any CPU = Debug|Any CPU
		Release|Any CPU = Release|Any CPU
	EndGlobalSection
	GlobalSection(ProjectConfigurationPlatforms) = postSolution
		{24620273-D1F0-431A-8213-152C5505D0AC}.Debug|Any CPU.ActiveCfg = Debug|Any CPU
		{24620273-D1F0-431A-8213-152C5505D0AC}.Debug|Any CPU.Build.0 = Debug|Any CPU
		{24620273-D1F0-431A-8213-152C5505D0AC}.Release|Any CPU.ActiveCfg = Release|Any CPU
		{24620273-D1F0-431A-8213-152C5505D0AC}.Release|Any CPU.Build.0 = Release|Any CPU
		{CBEC0993-37E6-4366-A47A-BD3405F18466}.Debug|Any CPU.ActiveCfg = Debug|Any CPU
		{CBEC0993-37E6-4366-A47A-BD3405F18466}.Debug|Any CPU.Build.0 = Debug|Any CPU
		{CBEC0993-37E6-4366-A47A-BD3405F18466}.Release|Any CPU.ActiveCfg = Release|Any CPU
		{CBEC0993-37E6-4366-A47A-BD3405F18466}.Release|Any CPU.Build.0 = Release|Any CPU
	EndGlobalSection
	GlobalSection(SolutionProperties) = preSolution
		HideSolutionNode = FALSE
	EndGlobalSection
	GlobalSection(NestedProjects) = preSolution
		{ADDC7740-4EDE-47C6-A833-65E13C0D3292} = {82629605-AC4D-4FC8-B14A-019829D4D5B0}
		{1D067765-4EE0-4EC3-94EB-1C2718E04777} = {82629605-AC4D-4FC8-B14A-019829D4D5B0}
		{53645A44-89A8-4C35-87C7-03CAF5ED2E08} = {82629605-AC4D-4FC8-B14A-019829D4D5B0}
		{938FB07E-94CE-4610-9A39-C59D4ADCD94A} = {82629605-AC4D-4FC8-B14A-019829D4D5B0}
		{24C718BA-2154-49F6-8F5A-F6C5C9006FE4} = {82629605-AC4D-4FC8-B14A-019829D4D5B0}
		{4984ACD5-10E6-4510-AC64-B911D494DBC6} = {82629605-AC4D-4FC8-B14A-019829D4D5B0}
		{24620273-D1F0-431A-8213-152C5505D0AC} = {53645A44-89A8-4C35-87C7-03CAF5ED2E08}
		{CBEC0993-37E6-4366-A47A-BD3405F18466} = {1D067765-4EE0-4EC3-94EB-1C2718E04777}
	EndGlobalSection
	GlobalSection(ExtensibilityGlobals) = postSolution
		SolutionGuid = {8A9B10F7-415C-4D17-9C35-7288BF67CAE5}
	EndGlobalSection
EndGlobal
